Microsoft Visual Studio Solution File, Format Version 12.00
# Visual Studio Version 17
VisualStudioVersion = 17.5.2.0
MinimumVisualStudioVersion = 10.0.40219.1
Project("{FAE04EC0-301F-11D3-BF4B-00C04F79EFBC}") = "ModernWarfare", "ModernWarfare.csproj", "{2783626F-2B5F-890A-1464-D618D3C20CF5}"
EndProject
Global
	GlobalSection(SolutionConfigurationPlatforms) = preSolution
		Debug|Any CPU = Debug|Any CPU
		Release|Any CPU = Release|Any CPU
	EndGlobalSection
	GlobalSection(ProjectConfigurationPlatforms) = postSolution
		{2783626F-2B5F-890A-1464-D618D3C20CF5}.Debug|Any CPU.ActiveCfg = Debug|Any CPU
		{2783626F-2B5F-890A-1464-D618D3C20CF5}.Debug|Any CPU.Build.0 = Debug|Any CPU
		{2783626F-2B5F-890A-1464-D618D3C20CF5}.Release|Any CPU.ActiveCfg = Release|Any CPU
		{2783626F-2B5F-890A-1464-D618D3C20CF5}.Release|Any CPU.Build.0 = Release|Any CPU
	EndGlobalSection
	GlobalSection(SolutionProperties) = preSolution
		HideSolutionNode = FALSE
	EndGlobalSection
	GlobalSection(ExtensibilityGlobals) = postSolution
		SolutionGuid = {E47ECED5-24B0-4475-B958-9E62C08D9276}
	EndGlobalSection
EndGlobal
